
Microsoft Visual Studio Solution File, Format Version 12.00
# Visual Studio 15
VisualStudioVersion = 15.0.27428.2037
MinimumVisualStudioVersion = 10.0.40219.1
Project("{FAE04EC0-301F-11D3-BF4B-00C04F79EFBC}") = "BinaryConverterService", "BinaryConverterService\BinaryConverterService.csproj", "{2A28D105-0934-4838-8535-CF0771CD083B}"
EndProject
Project("{FAE04EC0-301F-11D3-BF4B-00C04F79EFBC}") = "BinaryConverterHost", "BinaryConverterHost\BinaryConverterHost.csproj", "{00C0D6F6-A576-480D-89EA-47CE6A04FD2C}"
EndProject
Project("{FAE04EC0-301F-11D3-BF4B-00C04F79EFBC}") = "BinaryConverterUI", "BinaryConverterUI\BinaryConverterUI.csproj", "{C3E298ED-19C3-43FC-BD5E-E92828A6F6DA}"
	ProjectSection(ProjectDependencies) = postProject
		{2A28D105-0934-4838-8535-CF0771CD083B} = {2A28D105-0934-4838-8535-CF0771CD083B}
	EndProjectSection
EndProject
Project("{FAE04EC0-301F-11D3-BF4B-00C04F79EFBC}") = "BinaryConverterConsole", "BinaryConverterConsole\BinaryConverterConsole.csproj", "{422B4301-8F4B-4EA4-8E93-0E3FC7AA3803}"
EndProject
Global
	GlobalSection(SolutionConfigurationPlatforms) = preSolution
		Debug|Any CPU = Debug|Any CPU
		Release|Any CPU = Release|Any CPU
	EndGlobalSection
	GlobalSection(ProjectConfigurationPlatforms) = postSolution
		{2A28D105-0934-4838-8535-CF0771CD083B}.Debug|Any CPU.ActiveCfg = Debug|Any CPU
		{2A28D105-0934-4838-8535-CF0771CD083B}.Debug|Any CPU.Build.0 = Debug|Any CPU
		{2A28D105-0934-4838-8535-CF0771CD083B}.Release|Any CPU.ActiveCfg = Release|Any CPU
		{2A28D105-0934-4838-8535-CF0771CD083B}.Release|Any CPU.Build.0 = Release|Any CPU
		{00C0D6F6-A576-480D-89EA-47CE6A04FD2C}.Debug|Any CPU.ActiveCfg = Debug|Any CPU
		{00C0D6F6-A576-480D-89EA-47CE6A04FD2C}.Debug|Any CPU.Build.0 = Debug|Any CPU
		{00C0D6F6-A576-480D-89EA-47CE6A04FD2C}.Release|Any CPU.ActiveCfg = Release|Any CPU
		{00C0D6F6-A576-480D-89EA-47CE6A04FD2C}.Release|Any CPU.Build.0 = Release|Any CPU
		{C3E298ED-19C3-43FC-BD5E-E92828A6F6DA}.Debug|Any CPU.ActiveCfg = Debug|Any CPU
		{C3E298ED-19C3-43FC-BD5E-E92828A6F6DA}.Debug|Any CPU.Build.0 = Debug|Any CPU
		{C3E298ED-19C3-43FC-BD5E-E92828A6F6DA}.Release|Any CPU.ActiveCfg = Release|Any CPU
		{C3E298ED-19C3-43FC-BD5E-E92828A6F6DA}.Release|Any CPU.Build.0 = Release|Any CPU
		{422B4301-8F4B-4EA4-8E93-0E3FC7AA3803}.Debug|Any CPU.ActiveCfg = Debug|Any CPU
		{422B4301-8F4B-4EA4-8E93-0E3FC7AA3803}.Debug|Any CPU.Build.0 = Debug|Any CPU
		{422B4301-8F4B-4EA4-8E93-0E3FC7AA3803}.Release|Any CPU.ActiveCfg = Release|Any CPU
		{422B4301-8F4B-4EA4-8E93-0E3FC7AA3803}.Release|Any CPU.Build.0 = Release|Any CPU
	EndGlobalSection
	GlobalSection(SolutionProperties) = preSolution
		HideSolutionNode = FALSE
	EndGlobalSection
	GlobalSection(ExtensibilityGlobals) = postSolution
		SolutionGuid = {9D68A684-2989-4AF7-8E9D-7362E4AC4A57}
	EndGlobalSection
EndGlobal
